{
  "object": {
    "pins": [
      {
        "package": "PromiseKit",
        "repositoryURL": "https://github.com/mxcl/PromiseKit.git",
        "state": {
          "branch": null,
          "revision": "1c296a8637838901d2b01e4c46875ee749506133",
          "version": "6.8.5"
        }
      }
    ]
  },
  "version": 1
}
